
Microsoft Visual Studio Solution File, Format Version 12.00
# Visual Studio Version 17
VisualStudioVersion = 17.8.34525.116
MinimumVisualStudioVersion = 10.0.40219.1
Project("{FAE04EC0-301F-11D3-BF4B-00C04F79EFBC}") = "SORTIRANJE_VOZILA", "SORTIRANJE_VOZILA\SORTIRANJE_VOZILA.csproj", "{DF3C2A5E-EF25-4027-8A49-3DD8661ABFBD}"
EndProject
Global
	GlobalSection(SolutionConfigurationPlatforms) = preSolution
		Debug|Any CPU = Debug|Any CPU
		Release|Any CPU = Release|Any CPU
	EndGlobalSection
	GlobalSection(ProjectConfigurationPlatforms) = postSolution
		{DF3C2A5E-EF25-4027-8A49-3DD8661ABFBD}.Debug|Any CPU.ActiveCfg = Debug|Any CPU
		{DF3C2A5E-EF25-4027-8A49-3DD8661ABFBD}.Debug|Any CPU.Build.0 = Debug|Any CPU
		{DF3C2A5E-EF25-4027-8A49-3DD8661ABFBD}.Release|Any CPU.ActiveCfg = Release|Any CPU
		{DF3C2A5E-EF25-4027-8A49-3DD8661ABFBD}.Release|Any CPU.Build.0 = Release|Any CPU
	EndGlobalSection
	GlobalSection(SolutionProperties) = preSolution
		HideSolutionNode = FALSE
	EndGlobalSection
	GlobalSection(ExtensibilityGlobals) = postSolution
		SolutionGuid = {09F8A55D-F014-40FF-9ABF-E4096607F40A}
	EndGlobalSection
EndGlobal
